
Microsoft Visual Studio Solution File, Format Version 12.00
# Visual Studio Version 16
VisualStudioVersion = 16.0.31624.102
MinimumVisualStudioVersion = 10.0.40219.1
Project("{FAE04EC0-301F-11D3-BF4B-00C04F79EFBC}") = "FileIOoperation", "FileIOoperation\FileIOoperation.csproj", "{AE0A7F70-362A-4032-8569-F8BD8BE780E3}"
EndProject
Global
	GlobalSection(SolutionConfigurationPlatforms) = preSolution
		Debug|Any CPU = Debug|Any CPU
		Release|Any CPU = Release|Any CPU
	EndGlobalSection
	GlobalSection(ProjectConfigurationPlatforms) = postSolution
		{AE0A7F70-362A-4032-8569-F8BD8BE780E3}.Debug|Any CPU.ActiveCfg = Debug|Any CPU
		{AE0A7F70-362A-4032-8569-F8BD8BE780E3}.Debug|Any CPU.Build.0 = Debug|Any CPU
		{AE0A7F70-362A-4032-8569-F8BD8BE780E3}.Release|Any CPU.ActiveCfg = Release|Any CPU
		{AE0A7F70-362A-4032-8569-F8BD8BE780E3}.Release|Any CPU.Build.0 = Release|Any CPU
	EndGlobalSection
	GlobalSection(SolutionProperties) = preSolution
		HideSolutionNode = FALSE
	EndGlobalSection
	GlobalSection(ExtensibilityGlobals) = postSolution
		SolutionGuid = {4E641430-49AB-40F3-8378-CF343518D70F}
	EndGlobalSection
EndGlobal
